// !$*UTF8*$!
{
	archiveVersion = 1;
	classes = {
	};
	objectVersion = 77;
	objects = {

/* Begin PBXContainerItemProxy section */
		6DBE857C2D287FFC00DAFA5A /* PBXContainerItemProxy */ = {
			isa = PBXContainerItemProxy;
			containerPortal = 6DBE85612D287FFA00DAFA5A /* Project object */;
			proxyType = 1;
			remoteGlobalIDString = 6DBE85682D287FFA00DAFA5A;
			remoteInfo = RunLogger;
		};
		6DBE85862D287FFC00DAFA5A /* PBXContainerItemProxy */ = {
			isa = PBXContainerItemProxy;
			containerPortal = 6DBE85612D287FFA00DAFA5A /* Project object */;
			proxyType = 1;
			remoteGlobalIDString = 6DBE85682D287FFA00DAFA5A;
			remoteInfo = RunLogger;
		};
/* End PBXContainerItemProxy section */

/* Begin PBXFileReference section */
		6DBE85692D287FFA00DAFA5A /* RunLogger.app */ = {isa = PBXFileReference; explicitFileType = wrapper.application; includeInIndex = 0; path = RunLogger.app; sourceTree = BUILT_PRODUCTS_DIR; };
		6DBE857B2D287FFC00DAFA5A /* RunLoggerTests.xctest */ = {isa = PBXFileReference; explicitFileType = wrapper.cfbundle; includeInIndex = 0; path = RunLoggerTests.xctest; sourceTree = BUILT_PRODUCTS_DIR; };
		6DBE85852D287FFC00DAFA5A /* RunLoggerUITests.xctest */ = {isa = PBXFileReference; explicitFileType = wrapper.cfbundle; includeInIndex = 0; path = RunLoggerUITests.xctest; sourceTree = BUILT_PRODUCTS_DIR; };
/* End PBXFileReference section */

/* Begin PBXFileSystemSynchronizedRootGroup section */
		6DBE856B2D287FFA00DAFA5A /* RunLogger */ = {
			isa = PBXFileSystemSynchronizedRootGroup;
			path = RunLogger;
			sourceTree = "<group>";
		};
		6DBE857E2D287FFC00DAFA5A /* RunLoggerTests */ = {
			isa = PBXFileSystemSynchronizedRootGroup;
			path = RunLoggerTests;
			sourceTree = "<group>";
		};
		6DBE85882D287FFC00DAFA5A /* RunLoggerUITests */ = {
			isa = PBXFileSystemSynchronizedRootGroup;
			path = RunLoggerUITests;
			sourceTree = "<group>";
		};
/* End PBXFileSystemSynchronizedRootGroup section */

/* Begin PBXFrameworksBuildPhase section */
		6DBE85662D287FFA00DAFA5A /* Frameworks */ = {
			isa = PBXFrameworksBuildPhase;
			buildActionMask = 2147483647;
			files = (
			);
			runOnlyForDeploymentPostprocessing = 0;
		};
		6DBE85782D287FFC00DAFA5A /* Frameworks */ = {
			isa = PBXFrameworksBuildPhase;
			buildActionMask = 2147483647;
			files = (
			);
			runOnlyForDeploymentPostprocessing = 0;
		};
		6DBE85822D287FFC00DAFA5A /* Frameworks */ = {
			isa = PBXFrameworksBuildPhase;
			buildActionMask = 2147483647;
			files = (
			);
			runOnlyForDeploymentPostprocessing = 0;
		};
/* End PBXFrameworksBuildPhase section */

/* Begin PBXGroup section */
		6DBE85602D287FFA00DAFA5A = {
			isa = PBXGroup;
			children = (
				6DBE856A2D287FFA00DAFA5A /* Products */,
				6DBE856B2D287FFA00DAFA5A /* RunLogger */,
				6DBE857E2D287FFC00DAFA5A /* RunLoggerTests */,
				6DBE85882D287FFC00DAFA5A /* RunLoggerUITests */,
			);
			sourceTree = "<group>";
		};
		6DBE856A2D287FFA00DAFA5A /* Products */ = {
			isa = PBXGroup;
			children = (
				6DBE85692D287FFA00DAFA5A /* RunLogger.app */,
				6DBE857B2D287FFC00DAFA5A /* RunLoggerTests.xctest */,
				6DBE85852D287FFC00DAFA5A /* RunLoggerUITests.xctest */,
			);
			name = Products;
			sourceTree = "<group>";
		};
/* End PBXGroup section */

/* Begin PBXNativeTarget section */
		6DBE85682D287FFA00DAFA5A /* RunLogger */ = {
			isa = PBXNativeTarget;
			buildConfigurationList = 6DBE858F2D287FFC00DAFA5A /* Build configuration list for PBXNativeTarget "RunLogger" */;
			buildPhases = (
				6DBE85652D287FFA00DAFA5A /* Sources */,
				6DBE85662D287FFA00DAFA5A /* Frameworks */,
				6DBE85672D287FFA00DAFA5A /* Resources */,
			);
			buildRules = (
			);
			dependencies = (
			);
			fileSystemSynchronizedGroups = (
				6DBE856B2D287FFA00DAFA5A /* RunLogger */,
			);
			name = RunLogger;
			packageProductDependencies = (
			);
			productName = RunLogger;
			productReference = 6DBE85692D287FFA00DAFA5A /* RunLogger.app */;
			productType = "com.apple.product-type.application";
		};
		6DBE857A2D287FFC00DAFA5A /* RunLoggerTests */ = {
			isa = PBXNativeTarget;
			buildConfigurationList = 6DBE85922D287FFC00DAFA5A /* Build configuration list for PBXNativeTarget "RunLoggerTests" */;
			buildPhases = (
				6DBE85772D287FFC00DAFA5A /* Sources */,
				6DBE85782D287FFC00DAFA5A /* Frameworks */,
				6DBE85792D287FFC00DAFA5A /* Resources */,
			);
			buildRules = (
			);
			dependencies = (
				6DBE857D2D287FFC00DAFA5A /* PBXTargetDependency */,
			);
			fileSystemSynchronizedGroups = (
				6DBE857E2D287FFC00DAFA5A /* RunLoggerTests */,
			);
			name = RunLoggerTests;
			packageProductDependencies = (
			);
			productName = RunLoggerTests;
			productReference = 6DBE857B2D287FFC00DAFA5A /* RunLoggerTests.xctest */;
			productType = "com.apple.product-type.bundle.unit-test";
		};
		6DBE85842D287FFC00DAFA5A /* RunLoggerUITests */ = {
			isa = PBXNativeTarget;
			buildConfigurationList = 6DBE85952D287FFC00DAFA5A /* Build configuration list for PBXNativeTarget "RunLoggerUITests" */;
			buildPhases = (
				6DBE85812D287FFC00DAFA5A /* Sources */,
				6DBE85822D287FFC00DAFA5A /* Frameworks */,
				6DBE85832D287FFC00DAFA5A /* Resources */,
			);
			buildRules = (
			);
			dependencies = (
				6DBE85872D287FFC00DAFA5A /* PBXTargetDependency */,
			);
			fileSystemSynchronizedGroups = (
				6DBE85882D287FFC00DAFA5A /* RunLoggerUITests */,
			);
			name = RunLoggerUITests;
			packageProductDependencies = (
			);
			productName = RunLoggerUITests;
			productReference = 6DBE85852D287FFC00DAFA5A /* RunLoggerUITests.xctest */;
			productType = "com.apple.product-type.bundle.ui-testing";
		};
/* End PBXNativeTarget section */

/* Begin PBXProject section */
		6DBE85612D287FFA00DAFA5A /* Project object */ = {
			isa = PBXProject;
			attributes = {
				BuildIndependentTargetsInParallel = 1;
				LastSwiftUpdateCheck = 1600;
				LastUpgradeCheck = 1600;
				TargetAttributes = {
					6DBE85682D287FFA00DAFA5A = {
						CreatedOnToolsVersion = 16.0;
					};
					6DBE857A2D287FFC00DAFA5A = {
						CreatedOnToolsVersion = 16.0;
						TestTargetID = 6DBE85682D287FFA00DAFA5A;
					};
					6DBE85842D287FFC00DAFA5A = {
						CreatedOnToolsVersion = 16.0;
						TestTargetID = 6DBE85682D287FFA00DAFA5A;
					};
				};
			};
			buildConfigurationList = 6DBE85642D287FFA00DAFA5A /* Build configuration list for PBXProject "RunLogger" */;
			developmentRegion = en;
			hasScannedForEncodings = 0;
			knownRegions = (
				en,
				Base,
			);
			mainGroup = 6DBE85602D287FFA00DAFA5A;
			minimizedProjectReferenceProxies = 1;
			preferredProjectObjectVersion = 77;
			productRefGroup = 6DBE856A2D287FFA00DAFA5A /* Products */;
			projectDirPath = "";
			projectRoot = "";
			targets = (
				6DBE85682D287FFA00DAFA5A /* RunLogger */,
				6DBE857A2D287FFC00DAFA5A /* RunLoggerTests */,
				6DBE85842D287FFC00DAFA5A /* RunLoggerUITests */,
			);
		};
/* End PBXProject section */

/* Begin PBXResourcesBuildPhase section */
		6DBE85672D287FFA00DAFA5A /* Resources */ = {
			isa = PBXResourcesBuildPhase;
			buildActionMask = 2147483647;
			files = (
			);
			runOnlyForDeploymentPostprocessing = 0;
		};
		6DBE85792D287FFC00DAFA5A /* Resources */ = {
			isa = PBXResourcesBuildPhase;
			buildActionMask = 2147483647;
			files = (
			);
			runOnlyForDeploymentPostprocessing = 0;
		};
		6DBE85832D287FFC00DAFA5A /* Resources */ = {
			isa = PBXResourcesBuildPhase;
			buildActionMask = 2147483647;
			files = (
			);
			runOnlyForDeploymentPostprocessing = 0;
		};
/* End PBXResourcesBuildPhase section */

/* Begin PBXSourcesBuildPhase section */
		6DBE85652D287FFA00DAFA5A /* Sources */ = {
			isa = PBXSourcesBuildPhase;
			buildActionMask = 2147483647;
			files = (
			);
			runOnlyForDeploymentPostprocessing = 0;
		};
		6DBE85772D287FFC00DAFA5A /* Sources */ = {
			isa = PBXSourcesBuildPhase;
			buildActionMask = 2147483647;
			files = (
			);
			runOnlyForDeploymentPostprocessing = 0;
		};
		6DBE85812D287FFC00DAFA5A /* Sources */ = {
			isa = PBXSourcesBuildPhase;
			buildActionMask = 2147483647;
			files = (
			);
			runOnlyForDeploymentPostprocessing = 0;
		};
/* End PBXSourcesBuildPhase section */

/* Begin PBXTargetDependency section */
		6DBE857D2D287FFC00DAFA5A /* PBXTargetDependency */ = {
			isa = PBXTargetDependency;
			target = 6DBE85682D287FFA00DAFA5A /* RunLogger */;
			targetProxy = 6DBE857C2D287FFC00DAFA5A /* PBXContainerItemProxy */;
		};
		6DBE85872D287FFC00DAFA5A /* PBXTargetDependency */ = {
			isa = PBXTargetDependency;
			target = 6DBE85682D287FFA00DAFA5A /* RunLogger */;
			targetProxy = 6DBE85862D287FFC00DAFA5A /* PBXContainerItemProxy */;
		};
/* End PBXTargetDependency section */

/* Begin XCBuildConfiguration section */
		6DBE858D2D287FFC00DAFA5A /* Debug */ = {
			isa = XCBuildConfiguration;
			buildSettings = {
				ALWAYS_SEARCH_USER_PATHS = NO;
				ASSETCATALOG_COMPILER_GENERATE_SWIFT_ASSET_SYMBOL_EXTENSIONS = YES;
				CLANG_ANALYZER_NONNULL = YES;
				CLANG_ANALYZER_NUMBER_OBJECT_CONVERSION = YES_AGGRESSIVE;
				CLANG_CXX_LANGUAGE_STANDARD = "gnu++20";
				CLANG_ENABLE_MODULES = YES;
				CLANG_ENABLE_OBJC_ARC = YES;
				CLANG_ENABLE_OBJC_WEAK = YES;
				CLANG_WARN_BLOCK_CAPTURE_AUTORELEASING = YES;
				CLANG_WARN_BOOL_CONVERSION = YES;
				CLANG_WARN_COMMA = YES;
				CLANG_WARN_CONSTANT_CONVERSION = YES;
				CLANG_WARN_DEPRECATED_OBJC_IMPLEMENTATIONS = YES;
				CLANG_WARN_DIRECT_OBJC_ISA_USAGE = YES_ERROR;
				CLANG_WARN_DOCUMENTATION_COMMENTS = YES;
				CLANG_WARN_EMPTY_BODY = YES;
				CLANG_WARN_ENUM_CONVERSION = YES;
				CLANG_WARN_INFINITE_RECURSION = YES;
				CLANG_WARN_INT_CONVERSION = YES;
				CLANG_WARN_NON_LITERAL_NULL_CONVERSION = YES;
				CLANG_WARN_OBJC_IMPLICIT_RETAIN_SELF = YES;
				CLANG_WARN_OBJC_LITERAL_CONVERSION = YES;
				CLANG_WARN_OBJC_ROOT_CLASS = YES_ERROR;
				CLANG_WARN_QUOTED_INCLUDE_IN_FRAMEWORK_HEADER = YES;
				CLANG_WARN_RANGE_LOOP_ANALYSIS = YES;
				CLANG_WARN_STRICT_PROTOTYPES = YES;
				CLANG_WARN_SUSPICIOUS_MOVE = YES;
				CLANG_WARN_UNGUARDED_AVAILABILITY = YES_AGGRESSIVE;
				CLANG_WARN_UNREACHABLE_CODE = YES;
				CLANG_WARN__DUPLICATE_METHOD_MATCH = YES;
				COPY_PHASE_STRIP = NO;
				DEBUG_INFORMATION_FORMAT = dwarf;
				ENABLE_STRICT_OBJC_MSGSEND = YES;
				ENABLE_TESTABILITY = YES;
				ENABLE_USER_SCRIPT_SANDBOXING = YES;
				GCC_C_LANGUAGE_STANDARD = gnu17;
				GCC_DYNAMIC_NO_PIC = NO;
				GCC_NO_COMMON_BLOCKS = YES;
				GCC_OPTIMIZATION_LEVEL = 0;
				GCC_PREPROCESSOR_DEFINITIONS = (
					"DEBUG=1",
					"$(inherited)",
				);
				GCC_WARN_64_TO_32_BIT_CONVERSION = YES;
				GCC_WARN_ABOUT_RETURN_TYPE = YES_ERROR;
				GCC_WARN_UNDECLARED_SELECTOR = YES;
				GCC_WARN_UNINITIALIZED_AUTOS = YES_AGGRESSIVE;
				GCC_WARN_UNUSED_FUNCTION = YES;
				GCC_WARN_UNUSED_VARIABLE = YES;
				IPHONEOS_DEPLOYMENT_TARGET = 18.0;
				LOCALIZATION_PREFERS_STRING_CATALOGS = YES;
				MTL_ENABLE_DEBUG_INFO = INCLUDE_SOURCE;
				MTL_FAST_MATH = YES;
				ONLY_ACTIVE_ARCH = YES;
				SDKROOT = iphoneos;
				SWIFT_ACTIVE_COMPILATION_CONDITIONS = "DEBUG $(inherited)";
				SWIFT_OPTIMIZATION_LEVEL = "-Onone";
			};
			name = Debug;
		};
		6DBE858E2D287FFC00DAFA5A /* Release */ = {
			isa = XCBuildConfiguration;
			buildSettings = {
				ALWAYS_SEARCH_USER_PATHS = NO;
				ASSETCATALOG_COMPILER_GENERATE_SWIFT_ASSET_SYMBOL_EXTENSIONS = YES;
				CLANG_ANALYZER_NONNULL = YES;
				CLANG_ANALYZER_NUMBER_OBJECT_CONVERSION = YES_AGGRESSIVE;
				CLANG_CXX_LANGUAGE_STANDARD = "gnu++20";
				CLANG_ENABLE_MODULES = YES;
				CLANG_ENABLE_OBJC_ARC = YES;
				CLANG_ENABLE_OBJC_WEAK = YES;
				CLANG_WARN_BLOCK_CAPTURE_AUTORELEASING = YES;
				CLANG_WARN_BOOL_CONVERSION = YES;
				CLANG_WARN_COMMA = YES;
				CLANG_WARN_CONSTANT_CONVERSION = YES;
				CLANG_WARN_DEPRECATED_OBJC_IMPLEMENTATIONS = YES;
				CLANG_WARN_DIRECT_OBJC_ISA_USAGE = YES_ERROR;
				CLANG_WARN_DOCUMENTATION_COMMENTS = YES;
				CLANG_WARN_EMPTY_BODY = YES;
				CLANG_WARN_ENUM_CONVERSION = YES;
				CLANG_WARN_INFINITE_RECURSION = YES;
				CLANG_WARN_INT_CONVERSION = YES;
				CLANG_WARN_NON_LITERAL_NULL_CONVERSION = YES;
				CLANG_WARN_OBJC_IMPLICIT_RETAIN_SELF = YES;
				CLANG_WARN_OBJC_LITERAL_CONVERSION = YES;
				CLANG_WARN_OBJC_ROOT_CLASS = YES_ERROR;
				CLANG_WARN_QUOTED_INCLUDE_IN_FRAMEWORK_HEADER = YES;
				CLANG_WARN_RANGE_LOOP_ANALYSIS = YES;
				CLANG_WARN_STRICT_PROTOTYPES = YES;
				CLANG_WARN_SUSPICIOUS_MOVE = YES;
				CLANG_WARN_UNGUARDED_AVAILABILITY = YES_AGGRESSIVE;
				CLANG_WARN_UNREACHABLE_CODE = YES;
				CLANG_WARN__DUPLICATE_METHOD_MATCH = YES;
				COPY_PHASE_STRIP = NO;
				DEBUG_INFORMATION_FORMAT = "dwarf-with-dsym";
				ENABLE_NS_ASSERTIONS = NO;
				ENABLE_STRICT_OBJC_MSGSEND = YES;
				ENABLE_USER_SCRIPT_SANDBOXING = YES;
				GCC_C_LANGUAGE_STANDARD = gnu17;
				GCC_NO_COMMON_BLOCKS = YES;
				GCC_WARN_64_TO_32_BIT_CONVERSION = YES;
				GCC_WARN_ABOUT_RETURN_TYPE = YES_ERROR;
				GCC_WARN_UNDECLARED_SELECTOR = YES;
				GCC_WARN_UNINITIALIZED_AUTOS = YES_AGGRESSIVE;
				GCC_WARN_UNUSED_FUNCTION = YES;
				GCC_WARN_UNUSED_VARIABLE = YES;
				IPHONEOS_DEPLOYMENT_TARGET = 18.0;
				LOCALIZATION_PREFERS_STRING_CATALOGS = YES;
				MTL_ENABLE_DEBUG_INFO = NO;
				MTL_FAST_MATH = YES;
				SDKROOT = iphoneos;
				SWIFT_COMPILATION_MODE = wholemodule;
				VALIDATE_PRODUCT = YES;
			};
			name = Release;
		};
		6DBE85902D287FFC00DAFA5A /* Debug */ = {
			isa = XCBuildConfiguration;
			buildSettings = {
				ASSETCATALOG_COMPILER_APPICON_NAME = AppIcon;
				ASSETCATALOG_COMPILER_GLOBAL_ACCENT_COLOR_NAME = AccentColor;
				CODE_SIGN_STYLE = Automatic;
				CURRENT_PROJECT_VERSION = 1;
				DEVELOPMENT_ASSET_PATHS = "\"RunLogger/Preview Content\"";
				DEVELOPMENT_TEAM = RQ7KZ2X6VX;
				ENABLE_PREVIEWS = YES;
				GENERATE_INFOPLIST_FILE = YES;
				INFOPLIST_KEY_UIApplicationSceneManifest_Generation = YES;
				INFOPLIST_KEY_UIApplicationSupportsIndirectInputEvents = YES;
				INFOPLIST_KEY_UILaunchScreen_Generation = YES;
				INFOPLIST_KEY_UISupportedInterfaceOrientations_iPad = "UIInterfaceOrientationPortrait UIInterfaceOrientationPortraitUpsideDown UIInterfaceOrientationLandscapeLeft UIInterfaceOrientationLandscapeRight";
				INFOPLIST_KEY_UISupportedInterfaceOrientations_iPhone = "UIInterfaceOrientationPortrait UIInterfaceOrientationLandscapeLeft UIInterfaceOrientationLandscapeRight";
				LD_RUNPATH_SEARCH_PATHS = (
					"$(inherited)",
					"@executable_path/Frameworks",
				);
				MARKETING_VERSION = 1.0;
				PRODUCT_BUNDLE_IDENTIFIER = com.mammadbayli.RunLogger;
				PRODUCT_NAME = "$(TARGET_NAME)";
				SWIFT_EMIT_LOC_STRINGS = YES;
				SWIFT_VERSION = 5.0;
				TARGETED_DEVICE_FAMILY = "1,2";
			};
			name = Debug;
		};
		6DBE85912D287FFC00DAFA5A /* Release */ = {
			isa = XCBuildConfiguration;
			buildSettings = {
				ASSETCATALOG_COMPILER_APPICON_NAME = AppIcon;
				ASSETCATALOG_COMPILER_GLOBAL_ACCENT_COLOR_NAME = AccentColor;
				CODE_SIGN_STYLE = Automatic;
				CURRENT_PROJECT_VERSION = 1;
				DEVELOPMENT_ASSET_PATHS = "\"RunLogger/Preview Content\"";
				DEVELOPMENT_TEAM = RQ7KZ2X6VX;
				ENABLE_PREVIEWS = YES;
				GENERATE_INFOPLIST_FILE = YES;
				INFOPLIST_KEY_UIApplicationSceneManifest_Generation = YES;
				INFOPLIST_KEY_UIApplicationSupportsIndirectInputEvents = YES;
				INFOPLIST_KEY_UILaunchScreen_Generation = YES;
				INFOPLIST_KEY_UISupportedInterfaceOrientations_iPad = "UIInterfaceOrientationPortrait UIInterfaceOrientationPortraitUpsideDown UIInterfaceOrientationLandscapeLeft UIInterfaceOrientationLandscapeRight";
				INFOPLIST_KEY_UISupportedInterfaceOrientations_iPhone = "UIInterfaceOrientationPortrait UIInterfaceOrientationLandscapeLeft UIInterfaceOrientationLandscapeRight";
				LD_RUNPATH_SEARCH_PATHS = (
					"$(inherited)",
					"@executable_path/Frameworks",
				);
				MARKETING_VERSION = 1.0;
				PRODUCT_BUNDLE_IDENTIFIER = com.mammadbayli.RunLogger;
				PRODUCT_NAME = "$(TARGET_NAME)";
				SWIFT_EMIT_LOC_STRINGS = YES;
				SWIFT_VERSION = 5.0;
				TARGETED_DEVICE_FAMILY = "1,2";
			};
			name = Release;
		};
		6DBE85932D287FFC00DAFA5A /* Debug */ = {
			isa = XCBuildConfiguration;
			buildSettings = {
				BUNDLE_LOADER = "$(TEST_HOST)";
				CODE_SIGN_STYLE = Automatic;
				CURRENT_PROJECT_VERSION = 1;
				DEVELOPMENT_TEAM = RQ7KZ2X6VX;
				GENERATE_INFOPLIST_FILE = YES;
				IPHONEOS_DEPLOYMENT_TARGET = 18.0;
				MARKETING_VERSION = 1.0;
				PRODUCT_BUNDLE_IDENTIFIER = com.mammadbayli.RunLoggerTests;
				PRODUCT_NAME = "$(TARGET_NAME)";
				SWIFT_EMIT_LOC_STRINGS = NO;
				SWIFT_VERSION = 5.0;
				TARGETED_DEVICE_FAMILY = "1,2";
				TEST_HOST = "$(BUILT_PRODUCTS_DIR)/RunLogger.app/$(BUNDLE_EXECUTABLE_FOLDER_PATH)/RunLogger";
			};
			name = Debug;
		};
		6DBE85942D287FFC00DAFA5A /* Release */ = {
			isa = XCBuildConfiguration;
			buildSettings = {
				BUNDLE_LOADER = "$(TEST_HOST)";
				CODE_SIGN_STYLE = Automatic;
				CURRENT_PROJECT_VERSION = 1;
				DEVELOPMENT_TEAM = RQ7KZ2X6VX;
				GENERATE_INFOPLIST_FILE = YES;
				IPHONEOS_DEPLOYMENT_TARGET = 18.0;
				MARKETING_VERSION = 1.0;
				PRODUCT_BUNDLE_IDENTIFIER = com.mammadbayli.RunLoggerTests;
				PRODUCT_NAME = "$(TARGET_NAME)";
				SWIFT_EMIT_LOC_STRINGS = NO;
				SWIFT_VERSION = 5.0;
				TARGETED_DEVICE_FAMILY = "1,2";
				TEST_HOST = "$(BUILT_PRODUCTS_DIR)/RunLogger.app/$(BUNDLE_EXECUTABLE_FOLDER_PATH)/RunLogger";
			};
			name = Release;
		};
		6DBE85962D287FFC00DAFA5A /* Debug */ = {
			isa = XCBuildConfiguration;
			buildSettings = {
				CODE_SIGN_STYLE = Automatic;
				CURRENT_PROJECT_VERSION = 1;
				DEVELOPMENT_TEAM = RQ7KZ2X6VX;
				GENERATE_INFOPLIST_FILE = YES;
				MARKETING_VERSION = 1.0;
				PRODUCT_BUNDLE_IDENTIFIER = com.mammadbayli.RunLoggerUITests;
				PRODUCT_NAME = "$(TARGET_NAME)";
				SWIFT_EMIT_LOC_STRINGS = NO;
				SWIFT_VERSION = 5.0;
				TARGETED_DEVICE_FAMILY = "1,2";
				TEST_TARGET_NAME = RunLogger;
			};
			name = Debug;
		};
		6DBE85972D287FFC00DAFA5A /* Release */ = {
			isa = XCBuildConfiguration;
			buildSettings = {
				CODE_SIGN_STYLE = Automatic;
				CURRENT_PROJECT_VERSION = 1;
				DEVELOPMENT_TEAM = RQ7KZ2X6VX;
				GENERATE_INFOPLIST_FILE = YES;
				MARKETING_VERSION = 1.0;
				PRODUCT_BUNDLE_IDENTIFIER = com.mammadbayli.RunLoggerUITests;
				PRODUCT_NAME = "$(TARGET_NAME)";
				SWIFT_EMIT_LOC_STRINGS = NO;
				SWIFT_VERSION = 5.0;
				TARGETED_DEVICE_FAMILY = "1,2";
				TEST_TARGET_NAME = RunLogger;
			};
			name = Release;
		};
/* End XCBuildConfiguration section */

/* Begin XCConfigurationList section */
		6DBE85642D287FFA00DAFA5A /* Build configuration list for PBXProject "RunLogger" */ = {
			isa = XCConfigurationList;
			buildConfigurations = (
				6DBE858D2D287FFC00DAFA5A /* Debug */,
				6DBE858E2D287FFC00DAFA5A /* Release */,
			);
			defaultConfigurationIsVisible = 0;
			defaultConfigurationName = Release;
		};
		6DBE858F2D287FFC00DAFA5A /* Build configuration list for PBXNativeTarget "RunLogger" */ = {
			isa = XCConfigurationList;
			buildConfigurations = (
				6DBE85902D287FFC00DAFA5A /* Debug */,
				6DBE85912D287FFC00DAFA5A /* Release */,
			);
			defaultConfigurationIsVisible = 0;
			defaultConfigurationName = Release;
		};
		6DBE85922D287FFC00DAFA5A /* Build configuration list for PBXNativeTarget "RunLoggerTests" */ = {
			isa = XCConfigurationList;
			buildConfigurations = (
				6DBE85932D287FFC00DAFA5A /* Debug */,
				6DBE85942D287FFC00DAFA5A /* Release */,
			);
			defaultConfigurationIsVisible = 0;
			defaultConfigurationName = Release;
		};
		6DBE85952D287FFC00DAFA5A /* Build configuration list for PBXNativeTarget "RunLoggerUITests" */ = {
			isa = XCConfigurationList;
			buildConfigurations = (
				6DBE85962D287FFC00DAFA5A /* Debug */,
				6DBE85972D287FFC00DAFA5A /* Release */,
			);
			defaultConfigurationIsVisible = 0;
			defaultConfigurationName = Release;
		};
/* End XCConfigurationList section */
	};
	rootObject = 6DBE85612D287FFA00DAFA5A /* Project object */;
}
